
Microsoft Visual Studio Solution File, Format Version 12.00
# Visual Studio Version 16
VisualStudioVersion = 16.0.31515.178
MinimumVisualStudioVersion = 10.0.40219.1
Project("{FAE04EC0-301F-11D3-BF4B-00C04F79EFBC}") = "Classes Exercise 01", "Classes Exercise 01\Classes Exercise 01.csproj", "{90944293-3689-4102-A1DE-6C93C41F5B37}"
EndProject
Global
	GlobalSection(SolutionConfigurationPlatforms) = preSolution
		Debug|Any CPU = Debug|Any CPU
		Release|Any CPU = Release|Any CPU
	EndGlobalSection
	GlobalSection(ProjectConfigurationPlatforms) = postSolution
		{90944293-3689-4102-A1DE-6C93C41F5B37}.Debug|Any CPU.ActiveCfg = Debug|Any CPU
		{90944293-3689-4102-A1DE-6C93C41F5B37}.Debug|Any CPU.Build.0 = Debug|Any CPU
		{90944293-3689-4102-A1DE-6C93C41F5B37}.Release|Any CPU.ActiveCfg = Release|Any CPU
		{90944293-3689-4102-A1DE-6C93C41F5B37}.Release|Any CPU.Build.0 = Release|Any CPU
	EndGlobalSection
	GlobalSection(SolutionProperties) = preSolution
		HideSolutionNode = FALSE
	EndGlobalSection
	GlobalSection(ExtensibilityGlobals) = postSolution
		SolutionGuid = {0AEC66AD-A59B-46E3-A161-BA13DE32BA8A}
	EndGlobalSection
EndGlobal
